
Microsoft Visual Studio Solution File, Format Version 12.00
# Visual Studio 15
VisualStudioVersion = 15.0.28307.271
MinimumVisualStudioVersion = 10.0.40219.1
Project("{FAE04EC0-301F-11D3-BF4B-00C04F79EFBC}") = "FizzBuzzSpring19", "FizzBuzzSpring19\FizzBuzzSpring19.csproj", "{FD838E0E-7CD9-474A-AE09-31865F8023F3}"
EndProject
Project("{FAE04EC0-301F-11D3-BF4B-00C04F79EFBC}") = "FizzBuzzSpring19.Tests", "FizzBuzzSpring19.Tests\FizzBuzzSpring19.Tests.csproj", "{E7256CDC-4FBF-4DC8-9CEE-536EFEE871D6}"
EndProject
Global
	GlobalSection(SolutionConfigurationPlatforms) = preSolution
		Debug|Any CPU = Debug|Any CPU
		Release|Any CPU = Release|Any CPU
	EndGlobalSection
	GlobalSection(ProjectConfigurationPlatforms) = postSolution
		{FD838E0E-7CD9-474A-AE09-31865F8023F3}.Debug|Any CPU.ActiveCfg = Debug|Any CPU
		{FD838E0E-7CD9-474A-AE09-31865F8023F3}.Debug|Any CPU.Build.0 = Debug|Any CPU
		{FD838E0E-7CD9-474A-AE09-31865F8023F3}.Release|Any CPU.ActiveCfg = Release|Any CPU
		{FD838E0E-7CD9-474A-AE09-31865F8023F3}.Release|Any CPU.Build.0 = Release|Any CPU
		{E7256CDC-4FBF-4DC8-9CEE-536EFEE871D6}.Debug|Any CPU.ActiveCfg = Debug|Any CPU
		{E7256CDC-4FBF-4DC8-9CEE-536EFEE871D6}.Debug|Any CPU.Build.0 = Debug|Any CPU
		{E7256CDC-4FBF-4DC8-9CEE-536EFEE871D6}.Release|Any CPU.ActiveCfg = Release|Any CPU
		{E7256CDC-4FBF-4DC8-9CEE-536EFEE871D6}.Release|Any CPU.Build.0 = Release|Any CPU
	EndGlobalSection
	GlobalSection(SolutionProperties) = preSolution
		HideSolutionNode = FALSE
	EndGlobalSection
	GlobalSection(ExtensibilityGlobals) = postSolution
		SolutionGuid = {EFEA66AF-FA61-461C-8671-4A31E51EC34E}
	EndGlobalSection
EndGlobal
